
Microsoft Visual Studio Solution File, Format Version 12.00
# Visual Studio Version 16
VisualStudioVersion = 16.0.29709.97
MinimumVisualStudioVersion = 10.0.40219.1
Project("{2150E333-8FDC-42A3-9474-1A3956D46DE8}") = "0-Documentations", "0-Documentations", "{1CB33994-FCB6-453C-B9DF-929AFF1B38DE}"
	ProjectSection(SolutionItems) = preProject
		..\ITLightON.snk = ..\ITLightON.snk
		..\LICENSE = ..\LICENSE
		..\README.md = ..\README.md
	EndProjectSection
EndProject
Project("{2150E333-8FDC-42A3-9474-1A3956D46DE8}") = "1-Assets", "1-Assets", "{2088A967-EB2F-4591-AA1A-B5E09F6A9D9C}"
	ProjectSection(SolutionItems) = preProject
		Assets\Designer.ico = Assets\Designer.ico
		Assets\Message-Information.png = Assets\Message-Information.png
		Assets\Palette.png = Assets\Palette.png
	EndProjectSection
EndProject
Project("{9A19103F-16F7-4668-BE54-9A1E7A4F7556}") = "OopWinformsDesigner", "OopWinformsDesigner\OopWinformsDesigner.csproj", "{7422B0B4-014F-42F9-8855-C31573197B94}"
EndProject
Project("{2150E333-8FDC-42A3-9474-1A3956D46DE8}") = "Libs", "Libs", "{47F22305-3761-4EA3-ACEC-87C01AFFCB16}"
EndProject
Project("{2150E333-8FDC-42A3-9474-1A3956D46DE8}") = "DevExpress Tooolkit", "DevExpress Tooolkit", "{062F6374-8EAE-4C41-B7EC-7A4E0FFF8068}"
	ProjectSection(SolutionItems) = preProject
		..\Libs\DevExpress Toolkit\DevExpress.BonusSkins.v19.2.dll = ..\Libs\DevExpress Toolkit\DevExpress.BonusSkins.v19.2.dll
		..\Libs\DevExpress Toolkit\DevExpress.Charts.Designer.v19.2.dll = ..\Libs\DevExpress Toolkit\DevExpress.Charts.Designer.v19.2.dll
		..\Libs\DevExpress Toolkit\DevExpress.Charts.Designer.v19.2.xml = ..\Libs\DevExpress Toolkit\DevExpress.Charts.Designer.v19.2.xml
		..\Libs\DevExpress Toolkit\DevExpress.Charts.v19.2.Core.dll = ..\Libs\DevExpress Toolkit\DevExpress.Charts.v19.2.Core.dll
		..\Libs\DevExpress Toolkit\DevExpress.CodeConverter.v19.2.dll = ..\Libs\DevExpress Toolkit\DevExpress.CodeConverter.v19.2.dll
		..\Libs\DevExpress Toolkit\DevExpress.CodeParser.v19.2.dll = ..\Libs\DevExpress Toolkit\DevExpress.CodeParser.v19.2.dll
		..\Libs\DevExpress Toolkit\DevExpress.Dashboard.v19.2.Core.dll = ..\Libs\DevExpress Toolkit\DevExpress.Dashboard.v19.2.Core.dll
		..\Libs\DevExpress Toolkit\DevExpress.Dashboard.v19.2.Core.xml = ..\Libs\DevExpress Toolkit\DevExpress.Dashboard.v19.2.Core.xml
		..\Libs\DevExpress Toolkit\DevExpress.Dashboard.v19.2.Web.dll = ..\Libs\DevExpress Toolkit\DevExpress.Dashboard.v19.2.Web.dll
		..\Libs\DevExpress Toolkit\DevExpress.Dashboard.v19.2.Web.Mvc.dll = ..\Libs\DevExpress Toolkit\DevExpress.Dashboard.v19.2.Web.Mvc.dll
		..\Libs\DevExpress Toolkit\DevExpress.Dashboard.v19.2.Web.Mvc.xml = ..\Libs\DevExpress Toolkit\DevExpress.Dashboard.v19.2.Web.Mvc.xml
		..\Libs\DevExpress Toolkit\DevExpress.Dashboard.v19.2.Web.Mvc5.dll = ..\Libs\DevExpress Toolkit\DevExpress.Dashboard.v19.2.Web.Mvc5.dll
		..\Libs\DevExpress Toolkit\DevExpress.Dashboard.v19.2.Web.Mvc5.xml = ..\Libs\DevExpress Toolkit\DevExpress.Dashboard.v19.2.Web.Mvc5.xml
		..\Libs\DevExpress Toolkit\DevExpress.Dashboard.v19.2.Web.WebForms.dll = ..\Libs\DevExpress Toolkit\DevExpress.Dashboard.v19.2.Web.WebForms.dll
		..\Libs\DevExpress Toolkit\DevExpress.Dashboard.v19.2.Web.WebForms.xml = ..\Libs\DevExpress Toolkit\DevExpress.Dashboard.v19.2.Web.WebForms.xml
		..\Libs\DevExpress Toolkit\DevExpress.Dashboard.v19.2.Web.xml = ..\Libs\DevExpress Toolkit\DevExpress.Dashboard.v19.2.Web.xml
		..\Libs\DevExpress Toolkit\DevExpress.Dashboard.v19.2.Win.dll = ..\Libs\DevExpress Toolkit\DevExpress.Dashboard.v19.2.Win.dll
		..\Libs\DevExpress Toolkit\DevExpress.Dashboard.v19.2.Win.xml = ..\Libs\DevExpress Toolkit\DevExpress.Dashboard.v19.2.Win.xml
		..\Libs\DevExpress Toolkit\DevExpress.Dashboard.v19.2.Wpf.dll = ..\Libs\DevExpress Toolkit\DevExpress.Dashboard.v19.2.Wpf.dll
		..\Libs\DevExpress Toolkit\DevExpress.Dashboard.v19.2.Wpf.xml = ..\Libs\DevExpress Toolkit\DevExpress.Dashboard.v19.2.Wpf.xml
		..\Libs\DevExpress Toolkit\DevExpress.Data.v19.2.dll = ..\Libs\DevExpress Toolkit\DevExpress.Data.v19.2.dll
		..\Libs\DevExpress Toolkit\DevExpress.Data.v19.2.xml = ..\Libs\DevExpress Toolkit\DevExpress.Data.v19.2.xml
		..\Libs\DevExpress Toolkit\DevExpress.DataAccess.v19.2.dll = ..\Libs\DevExpress Toolkit\DevExpress.DataAccess.v19.2.dll
		..\Libs\DevExpress Toolkit\DevExpress.DataAccess.v19.2.UI.dll = ..\Libs\DevExpress Toolkit\DevExpress.DataAccess.v19.2.UI.dll
		..\Libs\DevExpress Toolkit\DevExpress.DataAccess.v19.2.UI.xml = ..\Libs\DevExpress Toolkit\DevExpress.DataAccess.v19.2.UI.xml
		..\Libs\DevExpress Toolkit\DevExpress.DataAccess.v19.2.xml = ..\Libs\DevExpress Toolkit\DevExpress.DataAccess.v19.2.xml
		..\Libs\DevExpress Toolkit\DevExpress.DemoData.v19.2.dll = ..\Libs\DevExpress Toolkit\DevExpress.DemoData.v19.2.dll
		..\Libs\DevExpress Toolkit\DevExpress.DemoReports.v19.2.dll = ..\Libs\DevExpress Toolkit\DevExpress.DemoReports.v19.2.dll
		..\Libs\DevExpress Toolkit\DevExpress.DevAV.v19.2.Data.dll = ..\Libs\DevExpress Toolkit\DevExpress.DevAV.v19.2.Data.dll
		..\Libs\DevExpress Toolkit\DevExpress.DevAV.v19.2.Reports.dll = ..\Libs\DevExpress Toolkit\DevExpress.DevAV.v19.2.Reports.dll
		..\Libs\DevExpress Toolkit\DevExpress.Diagram.v19.2.Core.dll = ..\Libs\DevExpress Toolkit\DevExpress.Diagram.v19.2.Core.dll
		..\Libs\DevExpress Toolkit\DevExpress.Diagram.v19.2.Core.xml = ..\Libs\DevExpress Toolkit\DevExpress.Diagram.v19.2.Core.xml
		..\Libs\DevExpress Toolkit\DevExpress.Dialogs.v19.2.Core.dll = ..\Libs\DevExpress Toolkit\DevExpress.Dialogs.v19.2.Core.dll
		..\Libs\DevExpress Toolkit\DevExpress.Docs.v19.2.dll = ..\Libs\DevExpress Toolkit\DevExpress.Docs.v19.2.dll
		..\Libs\DevExpress Toolkit\DevExpress.Docs.v19.2.xml = ..\Libs\DevExpress Toolkit\DevExpress.Docs.v19.2.xml
		..\Libs\DevExpress Toolkit\DevExpress.EasyTest.v19.2.dll = ..\Libs\DevExpress Toolkit\DevExpress.EasyTest.v19.2.dll
		..\Libs\DevExpress Toolkit\DevExpress.EasyTest.v19.2.xml = ..\Libs\DevExpress Toolkit\DevExpress.EasyTest.v19.2.xml
		..\Libs\DevExpress Toolkit\DevExpress.ExpressApp.AuditTrail.v19.2.dll = ..\Libs\DevExpress Toolkit\DevExpress.ExpressApp.AuditTrail.v19.2.dll
		..\Libs\DevExpress Toolkit\DevExpress.ExpressApp.AuditTrail.v19.2.xml = ..\Libs\DevExpress Toolkit\DevExpress.ExpressApp.AuditTrail.v19.2.xml
		..\Libs\DevExpress Toolkit\DevExpress.ExpressApp.Chart.v19.2.dll = ..\Libs\DevExpress Toolkit\DevExpress.ExpressApp.Chart.v19.2.dll
		..\Libs\DevExpress Toolkit\DevExpress.ExpressApp.Chart.v19.2.xml = ..\Libs\DevExpress Toolkit\DevExpress.ExpressApp.Chart.v19.2.xml
		..\Libs\DevExpress Toolkit\DevExpress.ExpressApp.Chart.Web.v19.2.dll = ..\Libs\DevExpress Toolkit\DevExpress.ExpressApp.Chart.Web.v19.2.dll
		..\Libs\DevExpress Toolkit\DevExpress.ExpressApp.Chart.Web.v19.2.xml = ..\Libs\DevExpress Toolkit\DevExpress.ExpressApp.Chart.Web.v19.2.xml
		..\Libs\DevExpress Toolkit\DevExpress.ExpressApp.Chart.Win.v19.2.dll = ..\Libs\DevExpress Toolkit\DevExpress.ExpressApp.Chart.Win.v19.2.dll
		..\Libs\DevExpress Toolkit\DevExpress.ExpressApp.Chart.Win.v19.2.xml = ..\Libs\DevExpress Toolkit\DevExpress.ExpressApp.Chart.Win.v19.2.xml
		..\Libs\DevExpress Toolkit\DevExpress.ExpressApp.CloneObject.Mobile.v19.2.dll = ..\Libs\DevExpress Toolkit\DevExpress.ExpressApp.CloneObject.Mobile.v19.2.dll
		..\Libs\DevExpress Toolkit\DevExpress.ExpressApp.CloneObject.v19.2.dll = ..\Libs\DevExpress Toolkit\DevExpress.ExpressApp.CloneObject.v19.2.dll
		..\Libs\DevExpress Toolkit\DevExpress.ExpressApp.CloneObject.v19.2.xml = ..\Libs\DevExpress Toolkit\DevExpress.ExpressApp.CloneObject.v19.2.xml
		..\Libs\DevExpress Toolkit\DevExpress.ExpressApp.ConditionalAppearance.Mobile.v19.2.dll = ..\Libs\DevExpress Toolkit\DevExpress.ExpressApp.ConditionalAppearance.Mobile.v19.2.dll
		..\Libs\DevExpress Toolkit\DevExpress.ExpressApp.ConditionalAppearance.v19.2.dll = ..\Libs\DevExpress Toolkit\DevExpress.ExpressApp.ConditionalAppearance.v19.2.dll
		..\Libs\DevExpress Toolkit\DevExpress.ExpressApp.ConditionalAppearance.v19.2.xml = ..\Libs\DevExpress Toolkit\DevExpress.ExpressApp.ConditionalAppearance.v19.2.xml
		..\Libs\DevExpress Toolkit\DevExpress.ExpressApp.Dashboards.v19.2.dll = ..\Libs\DevExpress Toolkit\DevExpress.ExpressApp.Dashboards.v19.2.dll
		..\Libs\DevExpress Toolkit\DevExpress.ExpressApp.Dashboards.v19.2.xml = ..\Libs\DevExpress Toolkit\DevExpress.ExpressApp.Dashboards.v19.2.xml
		..\Libs\DevExpress Toolkit\DevExpress.ExpressApp.Dashboards.Web.v19.2.dll = ..\Libs\DevExpress Toolkit\DevExpress.ExpressApp.Dashboards.Web.v19.2.dll
		..\Libs\DevExpress Toolkit\DevExpress.ExpressApp.Dashboards.Web.v19.2.xml = ..\Libs\DevExpress Toolkit\DevExpress.ExpressApp.Dashboards.Web.v19.2.xml
		..\Libs\DevExpress Toolkit\DevExpress.ExpressApp.Dashboards.Win.v19.2.dll = ..\Libs\DevExpress Toolkit\DevExpress.ExpressApp.Dashboards.Win.v19.2.dll
		..\Libs\DevExpress Toolkit\DevExpress.ExpressApp.Dashboards.Win.v19.2.xml = ..\Libs\DevExpress Toolkit\DevExpress.ExpressApp.Dashboards.Win.v19.2.xml
		..\Libs\DevExpress Toolkit\DevExpress.ExpressApp.DataService.v19.2.dll = ..\Libs\DevExpress Toolkit\DevExpress.ExpressApp.DataService.v19.2.dll
		..\Libs\DevExpress Toolkit\DevExpress.ExpressApp.EasyTest.WebAdapter.v19.2.dll = ..\Libs\DevExpress Toolkit\DevExpress.ExpressApp.EasyTest.WebAdapter.v19.2.dll
		..\Libs\DevExpress Toolkit\DevExpress.ExpressApp.EasyTest.WinAdapter.v19.2.dll = ..\Libs\DevExpress Toolkit\DevExpress.ExpressApp.EasyTest.WinAdapter.v19.2.dll
		..\Libs\DevExpress Toolkit\DevExpress.ExpressApp.EF.v19.2.dll = ..\Libs\DevExpress Toolkit\DevExpress.ExpressApp.EF.v19.2.dll
		..\Libs\DevExpress Toolkit\DevExpress.ExpressApp.EF.v19.2.xml = ..\Libs\DevExpress Toolkit\DevExpress.ExpressApp.EF.v19.2.xml
		..\Libs\DevExpress Toolkit\DevExpress.ExpressApp.FileAttachment.Mobile.v19.2.dll = ..\Libs\DevExpress Toolkit\DevExpress.ExpressApp.FileAttachment.Mobile.v19.2.dll
		..\Libs\DevExpress Toolkit\DevExpress.ExpressApp.FileAttachment.Web.v19.2.dll = ..\Libs\DevExpress Toolkit\DevExpress.ExpressApp.FileAttachment.Web.v19.2.dll
		..\Libs\DevExpress Toolkit\DevExpress.ExpressApp.FileAttachment.Web.v19.2.xml = ..\Libs\DevExpress Toolkit\DevExpress.ExpressApp.FileAttachment.Web.v19.2.xml
		..\Libs\DevExpress Toolkit\DevExpress.ExpressApp.FileAttachment.Win.v19.2.dll = ..\Libs\DevExpress Toolkit\DevExpress.ExpressApp.FileAttachment.Win.v19.2.dll
		..\Libs\DevExpress Toolkit\DevExpress.ExpressApp.FileAttachment.Win.v19.2.xml = ..\Libs\DevExpress Toolkit\DevExpress.ExpressApp.FileAttachment.Win.v19.2.xml
		..\Libs\DevExpress Toolkit\DevExpress.ExpressApp.HtmlPropertyEditor.Web.v19.2.dll = ..\Libs\DevExpress Toolkit\DevExpress.ExpressApp.HtmlPropertyEditor.Web.v19.2.dll
		..\Libs\DevExpress Toolkit\DevExpress.ExpressApp.HtmlPropertyEditor.Web.v19.2.xml = ..\Libs\DevExpress Toolkit\DevExpress.ExpressApp.HtmlPropertyEditor.Web.v19.2.xml
		..\Libs\DevExpress Toolkit\DevExpress.ExpressApp.HtmlPropertyEditor.Win.v19.2.dll = ..\Libs\DevExpress Toolkit\DevExpress.ExpressApp.HtmlPropertyEditor.Win.v19.2.dll
		..\Libs\DevExpress Toolkit\DevExpress.ExpressApp.HtmlPropertyEditor.Win.v19.2.xml = ..\Libs\DevExpress Toolkit\DevExpress.ExpressApp.HtmlPropertyEditor.Win.v19.2.xml
		..\Libs\DevExpress Toolkit\DevExpress.ExpressApp.Images.v19.2.dll = ..\Libs\DevExpress Toolkit\DevExpress.ExpressApp.Images.v19.2.dll
		..\Libs\DevExpress Toolkit\DevExpress.ExpressApp.Kpi.v19.2.dll = ..\Libs\DevExpress Toolkit\DevExpress.ExpressApp.Kpi.v19.2.dll
		..\Libs\DevExpress Toolkit\DevExpress.ExpressApp.Kpi.v19.2.xml = ..\Libs\DevExpress Toolkit\DevExpress.ExpressApp.Kpi.v19.2.xml
		..\Libs\DevExpress Toolkit\DevExpress.ExpressApp.Localization.Mobile.v19.2.dll = ..\Libs\DevExpress Toolkit\DevExpress.ExpressApp.Localization.Mobile.v19.2.dll
		..\Libs\DevExpress Toolkit\DevExpress.ExpressApp.Maps.Mobile.v19.2.dll = ..\Libs\DevExpress Toolkit\DevExpress.ExpressApp.Maps.Mobile.v19.2.dll
		..\Libs\DevExpress Toolkit\DevExpress.ExpressApp.Maps.Mobile.v19.2.xml = ..\Libs\DevExpress Toolkit\DevExpress.ExpressApp.Maps.Mobile.v19.2.xml
		..\Libs\DevExpress Toolkit\DevExpress.ExpressApp.Maps.Web.v19.2.dll = ..\Libs\DevExpress Toolkit\DevExpress.ExpressApp.Maps.Web.v19.2.dll
		..\Libs\DevExpress Toolkit\DevExpress.ExpressApp.Maps.Web.v19.2.xml = ..\Libs\DevExpress Toolkit\DevExpress.ExpressApp.Maps.Web.v19.2.xml
		..\Libs\DevExpress Toolkit\DevExpress.ExpressApp.Mobile.v19.2.dll = ..\Libs\DevExpress Toolkit\DevExpress.ExpressApp.Mobile.v19.2.dll
		..\Libs\DevExpress Toolkit\DevExpress.ExpressApp.Mobile.v19.2.xml = ..\Libs\DevExpress Toolkit\DevExpress.ExpressApp.Mobile.v19.2.xml
		..\Libs\DevExpress Toolkit\DevExpress.ExpressApp.Notifications.v19.2.dll = ..\Libs\DevExpress Toolkit\DevExpress.ExpressApp.Notifications.v19.2.dll
		..\Libs\DevExpress Toolkit\DevExpress.ExpressApp.Notifications.v19.2.xml = ..\Libs\DevExpress Toolkit\DevExpress.ExpressApp.Notifications.v19.2.xml
		..\Libs\DevExpress Toolkit\DevExpress.ExpressApp.Notifications.Web.v19.2.dll = ..\Libs\DevExpress Toolkit\DevExpress.ExpressApp.Notifications.Web.v19.2.dll
		..\Libs\DevExpress Toolkit\DevExpress.ExpressApp.Notifications.Web.v19.2.xml = ..\Libs\DevExpress Toolkit\DevExpress.ExpressApp.Notifications.Web.v19.2.xml
		..\Libs\DevExpress Toolkit\DevExpress.ExpressApp.Notifications.Win.v19.2.dll = ..\Libs\DevExpress Toolkit\DevExpress.ExpressApp.Notifications.Win.v19.2.dll
		..\Libs\DevExpress Toolkit\DevExpress.ExpressApp.Notifications.Win.v19.2.xml = ..\Libs\DevExpress Toolkit\DevExpress.ExpressApp.Notifications.Win.v19.2.xml
		..\Libs\DevExpress Toolkit\DevExpress.ExpressApp.Objects.v19.2.dll = ..\Libs\DevExpress Toolkit\DevExpress.ExpressApp.Objects.v19.2.dll
		..\Libs\DevExpress Toolkit\DevExpress.ExpressApp.Office.v19.2.dll = ..\Libs\DevExpress Toolkit\DevExpress.ExpressApp.Office.v19.2.dll
		..\Libs\DevExpress Toolkit\DevExpress.ExpressApp.Office.Web.v19.2.dll = ..\Libs\DevExpress Toolkit\DevExpress.ExpressApp.Office.Web.v19.2.dll
		..\Libs\DevExpress Toolkit\DevExpress.ExpressApp.Office.Win.v19.2.dll = ..\Libs\DevExpress Toolkit\DevExpress.ExpressApp.Office.Win.v19.2.dll
		..\Libs\DevExpress Toolkit\DevExpress.ExpressApp.Office.Win.v19.2.xml = ..\Libs\DevExpress Toolkit\DevExpress.ExpressApp.Office.Win.v19.2.xml
		..\Libs\DevExpress Toolkit\DevExpress.ExpressApp.PivotChart.v19.2.dll = ..\Libs\DevExpress Toolkit\DevExpress.ExpressApp.PivotChart.v19.2.dll
		..\Libs\DevExpress Toolkit\DevExpress.ExpressApp.PivotChart.v19.2.xml = ..\Libs\DevExpress Toolkit\DevExpress.ExpressApp.PivotChart.v19.2.xml
		..\Libs\DevExpress Toolkit\DevExpress.ExpressApp.PivotChart.Web.v19.2.dll = ..\Libs\DevExpress Toolkit\DevExpress.ExpressApp.PivotChart.Web.v19.2.dll
		..\Libs\DevExpress Toolkit\DevExpress.ExpressApp.PivotChart.Web.v19.2.xml = ..\Libs\DevExpress Toolkit\DevExpress.ExpressApp.PivotChart.Web.v19.2.xml
		..\Libs\DevExpress Toolkit\DevExpress.ExpressApp.PivotChart.Win.v19.2.dll = ..\Libs\DevExpress Toolkit\DevExpress.ExpressApp.PivotChart.Win.v19.2.dll
		..\Libs\DevExpress Toolkit\DevExpress.ExpressApp.PivotChart.Win.v19.2.xml = ..\Libs\DevExpress Toolkit\DevExpress.ExpressApp.PivotChart.Win.v19.2.xml
		..\Libs\DevExpress Toolkit\DevExpress.ExpressApp.PivotGrid.v19.2.dll = ..\Libs\DevExpress Toolkit\DevExpress.ExpressApp.PivotGrid.v19.2.dll
		..\Libs\DevExpress Toolkit\DevExpress.ExpressApp.PivotGrid.v19.2.xml = ..\Libs\DevExpress Toolkit\DevExpress.ExpressApp.PivotGrid.v19.2.xml
		..\Libs\DevExpress Toolkit\DevExpress.ExpressApp.PivotGrid.Web.v19.2.dll = ..\Libs\DevExpress Toolkit\DevExpress.ExpressApp.PivotGrid.Web.v19.2.dll
		..\Libs\DevExpress Toolkit\DevExpress.ExpressApp.PivotGrid.Web.v19.2.xml = ..\Libs\DevExpress Toolkit\DevExpress.ExpressApp.PivotGrid.Web.v19.2.xml
		..\Libs\DevExpress Toolkit\DevExpress.ExpressApp.PivotGrid.Win.v19.2.dll = ..\Libs\DevExpress Toolkit\DevExpress.ExpressApp.PivotGrid.Win.v19.2.dll
		..\Libs\DevExpress Toolkit\DevExpress.ExpressApp.PivotGrid.Win.v19.2.xml = ..\Libs\DevExpress Toolkit\DevExpress.ExpressApp.PivotGrid.Win.v19.2.xml
		..\Libs\DevExpress Toolkit\DevExpress.ExpressApp.Reports.v19.2.dll = ..\Libs\DevExpress Toolkit\DevExpress.ExpressApp.Reports.v19.2.dll
		..\Libs\DevExpress Toolkit\DevExpress.ExpressApp.Reports.v19.2.xml = ..\Libs\DevExpress Toolkit\DevExpress.ExpressApp.Reports.v19.2.xml
		..\Libs\DevExpress Toolkit\DevExpress.ExpressApp.Reports.Web.v19.2.dll = ..\Libs\DevExpress Toolkit\DevExpress.ExpressApp.Reports.Web.v19.2.dll
		..\Libs\DevExpress Toolkit\DevExpress.ExpressApp.Reports.Web.v19.2.xml = ..\Libs\DevExpress Toolkit\DevExpress.ExpressApp.Reports.Web.v19.2.xml
		..\Libs\DevExpress Toolkit\DevExpress.ExpressApp.Reports.Win.v19.2.dll = ..\Libs\DevExpress Toolkit\DevExpress.ExpressApp.Reports.Win.v19.2.dll
		..\Libs\DevExpress Toolkit\DevExpress.ExpressApp.Reports.Win.v19.2.xml = ..\Libs\DevExpress Toolkit\DevExpress.ExpressApp.Reports.Win.v19.2.xml
		..\Libs\DevExpress Toolkit\DevExpress.ExpressApp.ReportsV2.Mobile.v19.2.dll = ..\Libs\DevExpress Toolkit\DevExpress.ExpressApp.ReportsV2.Mobile.v19.2.dll
		..\Libs\DevExpress Toolkit\DevExpress.ExpressApp.ReportsV2.Mobile.v19.2.xml = ..\Libs\DevExpress Toolkit\DevExpress.ExpressApp.ReportsV2.Mobile.v19.2.xml
		..\Libs\DevExpress Toolkit\DevExpress.ExpressApp.ReportsV2.v19.2.dll = ..\Libs\DevExpress Toolkit\DevExpress.ExpressApp.ReportsV2.v19.2.dll
		..\Libs\DevExpress Toolkit\DevExpress.ExpressApp.ReportsV2.v19.2.xml = ..\Libs\DevExpress Toolkit\DevExpress.ExpressApp.ReportsV2.v19.2.xml
		..\Libs\DevExpress Toolkit\DevExpress.ExpressApp.ReportsV2.Web.v19.2.dll = ..\Libs\DevExpress Toolkit\DevExpress.ExpressApp.ReportsV2.Web.v19.2.dll
		..\Libs\DevExpress Toolkit\DevExpress.ExpressApp.ReportsV2.Web.v19.2.xml = ..\Libs\DevExpress Toolkit\DevExpress.ExpressApp.ReportsV2.Web.v19.2.xml
		..\Libs\DevExpress Toolkit\DevExpress.ExpressApp.ReportsV2.Win.v19.2.dll = ..\Libs\DevExpress Toolkit\DevExpress.ExpressApp.ReportsV2.Win.v19.2.dll
		..\Libs\DevExpress Toolkit\DevExpress.ExpressApp.ReportsV2.Win.v19.2.xml = ..\Libs\DevExpress Toolkit\DevExpress.ExpressApp.ReportsV2.Win.v19.2.xml
		..\Libs\DevExpress Toolkit\DevExpress.ExpressApp.Scheduler.v19.2.dll = ..\Libs\DevExpress Toolkit\DevExpress.ExpressApp.Scheduler.v19.2.dll
		..\Libs\DevExpress Toolkit\DevExpress.ExpressApp.Scheduler.v19.2.xml = ..\Libs\DevExpress Toolkit\DevExpress.ExpressApp.Scheduler.v19.2.xml
		..\Libs\DevExpress Toolkit\DevExpress.ExpressApp.Scheduler.Web.v19.2.dll = ..\Libs\DevExpress Toolkit\DevExpress.ExpressApp.Scheduler.Web.v19.2.dll
		..\Libs\DevExpress Toolkit\DevExpress.ExpressApp.Scheduler.Web.v19.2.xml = ..\Libs\DevExpress Toolkit\DevExpress.ExpressApp.Scheduler.Web.v19.2.xml
		..\Libs\DevExpress Toolkit\DevExpress.ExpressApp.Scheduler.Win.v19.2.dll = ..\Libs\DevExpress Toolkit\DevExpress.ExpressApp.Scheduler.Win.v19.2.dll
		..\Libs\DevExpress Toolkit\DevExpress.ExpressApp.Scheduler.Win.v19.2.xml = ..\Libs\DevExpress Toolkit\DevExpress.ExpressApp.Scheduler.Win.v19.2.xml
		..\Libs\DevExpress Toolkit\DevExpress.ExpressApp.ScriptRecorder.v19.2.dll = ..\Libs\DevExpress Toolkit\DevExpress.ExpressApp.ScriptRecorder.v19.2.dll
		..\Libs\DevExpress Toolkit\DevExpress.ExpressApp.ScriptRecorder.v19.2.xml = ..\Libs\DevExpress Toolkit\DevExpress.ExpressApp.ScriptRecorder.v19.2.xml
		..\Libs\DevExpress Toolkit\DevExpress.ExpressApp.ScriptRecorder.Web.v19.2.dll = ..\Libs\DevExpress Toolkit\DevExpress.ExpressApp.ScriptRecorder.Web.v19.2.dll
		..\Libs\DevExpress Toolkit\DevExpress.ExpressApp.ScriptRecorder.Web.v19.2.xml = ..\Libs\DevExpress Toolkit\DevExpress.ExpressApp.ScriptRecorder.Web.v19.2.xml
		..\Libs\DevExpress Toolkit\DevExpress.ExpressApp.ScriptRecorder.Win.v19.2.dll = ..\Libs\DevExpress Toolkit\DevExpress.ExpressApp.ScriptRecorder.Win.v19.2.dll
		..\Libs\DevExpress Toolkit\DevExpress.ExpressApp.ScriptRecorder.Win.v19.2.xml = ..\Libs\DevExpress Toolkit\DevExpress.ExpressApp.ScriptRecorder.Win.v19.2.xml
		..\Libs\DevExpress Toolkit\DevExpress.ExpressApp.Security.EF.v19.2.dll = ..\Libs\DevExpress Toolkit\DevExpress.ExpressApp.Security.EF.v19.2.dll
		..\Libs\DevExpress Toolkit\DevExpress.ExpressApp.Security.v19.2.dll = ..\Libs\DevExpress Toolkit\DevExpress.ExpressApp.Security.v19.2.dll
		..\Libs\DevExpress Toolkit\DevExpress.ExpressApp.Security.v19.2.xml = ..\Libs\DevExpress Toolkit\DevExpress.ExpressApp.Security.v19.2.xml
		..\Libs\DevExpress Toolkit\DevExpress.ExpressApp.Security.Xpo.v19.2.dll = ..\Libs\DevExpress Toolkit\DevExpress.ExpressApp.Security.Xpo.v19.2.dll
		..\Libs\DevExpress Toolkit\DevExpress.ExpressApp.Security.Xpo.v19.2.xml = ..\Libs\DevExpress Toolkit\DevExpress.ExpressApp.Security.Xpo.v19.2.xml
		..\Libs\DevExpress Toolkit\DevExpress.ExpressApp.StateMachine.v19.2.dll = ..\Libs\DevExpress Toolkit\DevExpress.ExpressApp.StateMachine.v19.2.dll
		..\Libs\DevExpress Toolkit\DevExpress.ExpressApp.StateMachine.v19.2.xml = ..\Libs\DevExpress Toolkit\DevExpress.ExpressApp.StateMachine.v19.2.xml
		..\Libs\DevExpress Toolkit\DevExpress.ExpressApp.TreeListEditors.v19.2.dll = ..\Libs\DevExpress Toolkit\DevExpress.ExpressApp.TreeListEditors.v19.2.dll
		..\Libs\DevExpress Toolkit\DevExpress.ExpressApp.TreeListEditors.v19.2.xml = ..\Libs\DevExpress Toolkit\DevExpress.ExpressApp.TreeListEditors.v19.2.xml
		..\Libs\DevExpress Toolkit\DevExpress.ExpressApp.TreeListEditors.Web.v19.2.dll = ..\Libs\DevExpress Toolkit\DevExpress.ExpressApp.TreeListEditors.Web.v19.2.dll
		..\Libs\DevExpress Toolkit\DevExpress.ExpressApp.TreeListEditors.Web.v19.2.xml = ..\Libs\DevExpress Toolkit\DevExpress.ExpressApp.TreeListEditors.Web.v19.2.xml
		..\Libs\DevExpress Toolkit\DevExpress.ExpressApp.TreeListEditors.Win.v19.2.dll = ..\Libs\DevExpress Toolkit\DevExpress.ExpressApp.TreeListEditors.Win.v19.2.dll
		..\Libs\DevExpress Toolkit\DevExpress.ExpressApp.TreeListEditors.Win.v19.2.xml = ..\Libs\DevExpress Toolkit\DevExpress.ExpressApp.TreeListEditors.Win.v19.2.xml
		..\Libs\DevExpress Toolkit\DevExpress.ExpressApp.v19.2.dll = ..\Libs\DevExpress Toolkit\DevExpress.ExpressApp.v19.2.dll
		..\Libs\DevExpress Toolkit\DevExpress.ExpressApp.v19.2.xml = ..\Libs\DevExpress Toolkit\DevExpress.ExpressApp.v19.2.xml
		..\Libs\DevExpress Toolkit\DevExpress.ExpressApp.Validation.Mobile.v19.2.dll = ..\Libs\DevExpress Toolkit\DevExpress.ExpressApp.Validation.Mobile.v19.2.dll
		..\Libs\DevExpress Toolkit\DevExpress.ExpressApp.Validation.v19.2.dll = ..\Libs\DevExpress Toolkit\DevExpress.ExpressApp.Validation.v19.2.dll
		..\Libs\DevExpress Toolkit\DevExpress.ExpressApp.Validation.v19.2.xml = ..\Libs\DevExpress Toolkit\DevExpress.ExpressApp.Validation.v19.2.xml
		..\Libs\DevExpress Toolkit\DevExpress.ExpressApp.Validation.Web.v19.2.dll = ..\Libs\DevExpress Toolkit\DevExpress.ExpressApp.Validation.Web.v19.2.dll
		..\Libs\DevExpress Toolkit\DevExpress.ExpressApp.Validation.Web.v19.2.xml = ..\Libs\DevExpress Toolkit\DevExpress.ExpressApp.Validation.Web.v19.2.xml
		..\Libs\DevExpress Toolkit\DevExpress.ExpressApp.Validation.Win.v19.2.dll = ..\Libs\DevExpress Toolkit\DevExpress.ExpressApp.Validation.Win.v19.2.dll
		..\Libs\DevExpress Toolkit\DevExpress.ExpressApp.Validation.Win.v19.2.xml = ..\Libs\DevExpress Toolkit\DevExpress.ExpressApp.Validation.Win.v19.2.xml
		..\Libs\DevExpress Toolkit\DevExpress.ExpressApp.ViewVariantsModule.v19.2.dll = ..\Libs\DevExpress Toolkit\DevExpress.ExpressApp.ViewVariantsModule.v19.2.dll
		..\Libs\DevExpress Toolkit\DevExpress.ExpressApp.ViewVariantsModule.v19.2.xml = ..\Libs\DevExpress Toolkit\DevExpress.ExpressApp.ViewVariantsModule.v19.2.xml
		..\Libs\DevExpress Toolkit\DevExpress.ExpressApp.Web.v19.2.dll = ..\Libs\DevExpress Toolkit\DevExpress.ExpressApp.Web.v19.2.dll
		..\Libs\DevExpress Toolkit\DevExpress.ExpressApp.Web.v19.2.xml = ..\Libs\DevExpress Toolkit\DevExpress.ExpressApp.Web.v19.2.xml
		..\Libs\DevExpress Toolkit\DevExpress.ExpressApp.Win.v19.2.dll = ..\Libs\DevExpress Toolkit\DevExpress.ExpressApp.Win.v19.2.dll
		..\Libs\DevExpress Toolkit\DevExpress.ExpressApp.Win.v19.2.xml = ..\Libs\DevExpress Toolkit\DevExpress.ExpressApp.Win.v19.2.xml
		..\Libs\DevExpress Toolkit\DevExpress.ExpressApp.Workflow.v19.2.dll = ..\Libs\DevExpress Toolkit\DevExpress.ExpressApp.Workflow.v19.2.dll
		..\Libs\DevExpress Toolkit\DevExpress.ExpressApp.Workflow.v19.2.xml = ..\Libs\DevExpress Toolkit\DevExpress.ExpressApp.Workflow.v19.2.xml
		..\Libs\DevExpress Toolkit\DevExpress.ExpressApp.Workflow.Win.v19.2.dll = ..\Libs\DevExpress Toolkit\DevExpress.ExpressApp.Workflow.Win.v19.2.dll
		..\Libs\DevExpress Toolkit\DevExpress.ExpressApp.Workflow.Win.v19.2.xml = ..\Libs\DevExpress Toolkit\DevExpress.ExpressApp.Workflow.Win.v19.2.xml
		..\Libs\DevExpress Toolkit\DevExpress.ExpressApp.Xpo.v19.2.dll = ..\Libs\DevExpress Toolkit\DevExpress.ExpressApp.Xpo.v19.2.dll
		..\Libs\DevExpress Toolkit\DevExpress.ExpressApp.Xpo.v19.2.xml = ..\Libs\DevExpress Toolkit\DevExpress.ExpressApp.Xpo.v19.2.xml
		..\Libs\DevExpress Toolkit\DevExpress.Images.v19.2.dll = ..\Libs\DevExpress Toolkit\DevExpress.Images.v19.2.dll
		..\Libs\DevExpress Toolkit\DevExpress.Map.v19.2.Core.dll = ..\Libs\DevExpress Toolkit\DevExpress.Map.v19.2.Core.dll
		..\Libs\DevExpress Toolkit\DevExpress.Map.v19.2.Core.xml = ..\Libs\DevExpress Toolkit\DevExpress.Map.v19.2.Core.xml
		..\Libs\DevExpress Toolkit\DevExpress.Mvvm.v19.2.DataModel.dll = ..\Libs\DevExpress Toolkit\DevExpress.Mvvm.v19.2.DataModel.dll
		..\Libs\DevExpress Toolkit\DevExpress.Mvvm.v19.2.DataModel.EF6.dll = ..\Libs\DevExpress Toolkit\DevExpress.Mvvm.v19.2.DataModel.EF6.dll
		..\Libs\DevExpress Toolkit\DevExpress.Mvvm.v19.2.DataModel.EF6.xml = ..\Libs\DevExpress Toolkit\DevExpress.Mvvm.v19.2.DataModel.EF6.xml
		..\Libs\DevExpress Toolkit\DevExpress.Mvvm.v19.2.DataModel.EFCore.dll = ..\Libs\DevExpress Toolkit\DevExpress.Mvvm.v19.2.DataModel.EFCore.dll
		..\Libs\DevExpress Toolkit\DevExpress.Mvvm.v19.2.DataModel.WCF.dll = ..\Libs\DevExpress Toolkit\DevExpress.Mvvm.v19.2.DataModel.WCF.dll
		..\Libs\DevExpress Toolkit\DevExpress.Mvvm.v19.2.DataModel.WCF.xml = ..\Libs\DevExpress Toolkit\DevExpress.Mvvm.v19.2.DataModel.WCF.xml
		..\Libs\DevExpress Toolkit\DevExpress.Mvvm.v19.2.DataModel.xml = ..\Libs\DevExpress Toolkit\DevExpress.Mvvm.v19.2.DataModel.xml
		..\Libs\DevExpress Toolkit\DevExpress.Mvvm.v19.2.dll = ..\Libs\DevExpress Toolkit\DevExpress.Mvvm.v19.2.dll
		..\Libs\DevExpress Toolkit\DevExpress.Mvvm.v19.2.ViewModel.dll = ..\Libs\DevExpress Toolkit\DevExpress.Mvvm.v19.2.ViewModel.dll
		..\Libs\DevExpress Toolkit\DevExpress.Mvvm.v19.2.ViewModel.xml = ..\Libs\DevExpress Toolkit\DevExpress.Mvvm.v19.2.ViewModel.xml
		..\Libs\DevExpress Toolkit\DevExpress.Mvvm.v19.2.xml = ..\Libs\DevExpress Toolkit\DevExpress.Mvvm.v19.2.xml
		..\Libs\DevExpress Toolkit\DevExpress.Office.v19.2.Core.dll = ..\Libs\DevExpress Toolkit\DevExpress.Office.v19.2.Core.dll
		..\Libs\DevExpress Toolkit\DevExpress.Office.v19.2.Core.xml = ..\Libs\DevExpress Toolkit\DevExpress.Office.v19.2.Core.xml
		..\Libs\DevExpress Toolkit\DevExpress.Pdf.v19.2.Core.dll = ..\Libs\DevExpress Toolkit\DevExpress.Pdf.v19.2.Core.dll
		..\Libs\DevExpress Toolkit\DevExpress.Pdf.v19.2.Core.xml = ..\Libs\DevExpress Toolkit\DevExpress.Pdf.v19.2.Core.xml
		..\Libs\DevExpress Toolkit\DevExpress.Pdf.v19.2.Drawing.dll = ..\Libs\DevExpress Toolkit\DevExpress.Pdf.v19.2.Drawing.dll
		..\Libs\DevExpress Toolkit\DevExpress.Pdf.v19.2.Drawing.xml = ..\Libs\DevExpress Toolkit\DevExpress.Pdf.v19.2.Drawing.xml
		..\Libs\DevExpress Toolkit\DevExpress.Persistent.Base.v19.2.dll = ..\Libs\DevExpress Toolkit\DevExpress.Persistent.Base.v19.2.dll
		..\Libs\DevExpress Toolkit\DevExpress.Persistent.Base.v19.2.xml = ..\Libs\DevExpress Toolkit\DevExpress.Persistent.Base.v19.2.xml
		..\Libs\DevExpress Toolkit\DevExpress.Persistent.BaseImpl.EF.v19.2.dll = ..\Libs\DevExpress Toolkit\DevExpress.Persistent.BaseImpl.EF.v19.2.dll
		..\Libs\DevExpress Toolkit\DevExpress.Persistent.BaseImpl.EF.v19.2.xml = ..\Libs\DevExpress Toolkit\DevExpress.Persistent.BaseImpl.EF.v19.2.xml
		..\Libs\DevExpress Toolkit\DevExpress.Persistent.BaseImpl.v19.2.dll = ..\Libs\DevExpress Toolkit\DevExpress.Persistent.BaseImpl.v19.2.dll
		..\Libs\DevExpress Toolkit\DevExpress.Persistent.BaseImpl.v19.2.xml = ..\Libs\DevExpress Toolkit\DevExpress.Persistent.BaseImpl.v19.2.xml
		..\Libs\DevExpress Toolkit\DevExpress.PivotGrid.v19.2.Core.dll = ..\Libs\DevExpress Toolkit\DevExpress.PivotGrid.v19.2.Core.dll
		..\Libs\DevExpress Toolkit\DevExpress.PivotGrid.v19.2.Core.xml = ..\Libs\DevExpress Toolkit\DevExpress.PivotGrid.v19.2.Core.xml
		..\Libs\DevExpress Toolkit\DevExpress.Printing.v19.2.Core.dll = ..\Libs\DevExpress Toolkit\DevExpress.Printing.v19.2.Core.dll
		..\Libs\DevExpress Toolkit\DevExpress.Printing.v19.2.Core.xml = ..\Libs\DevExpress Toolkit\DevExpress.Printing.v19.2.Core.xml
		..\Libs\DevExpress Toolkit\DevExpress.RichEdit.v19.2.Core.dll = ..\Libs\DevExpress Toolkit\DevExpress.RichEdit.v19.2.Core.dll
		..\Libs\DevExpress Toolkit\DevExpress.RichEdit.v19.2.Core.xml = ..\Libs\DevExpress Toolkit\DevExpress.RichEdit.v19.2.Core.xml
		..\Libs\DevExpress Toolkit\DevExpress.RichEdit.v19.2.Export.dll = ..\Libs\DevExpress Toolkit\DevExpress.RichEdit.v19.2.Export.dll
		..\Libs\DevExpress Toolkit\DevExpress.SharePoint.2013.v19.2.dll = ..\Libs\DevExpress Toolkit\DevExpress.SharePoint.2013.v19.2.dll
		..\Libs\DevExpress Toolkit\DevExpress.SharePoint.2016.v19.2.dll = ..\Libs\DevExpress Toolkit\DevExpress.SharePoint.2016.v19.2.dll
		..\Libs\DevExpress Toolkit\DevExpress.Snap.v19.2.Core.dll = ..\Libs\DevExpress Toolkit\DevExpress.Snap.v19.2.Core.dll
		..\Libs\DevExpress Toolkit\DevExpress.Snap.v19.2.Core.xml = ..\Libs\DevExpress Toolkit\DevExpress.Snap.v19.2.Core.xml
		..\Libs\DevExpress Toolkit\DevExpress.Snap.v19.2.dll = ..\Libs\DevExpress Toolkit\DevExpress.Snap.v19.2.dll
		..\Libs\DevExpress Toolkit\DevExpress.Snap.v19.2.Extensions.dll = ..\Libs\DevExpress Toolkit\DevExpress.Snap.v19.2.Extensions.dll
		..\Libs\DevExpress Toolkit\DevExpress.Snap.v19.2.Extensions.xml = ..\Libs\DevExpress Toolkit\DevExpress.Snap.v19.2.Extensions.xml
		..\Libs\DevExpress Toolkit\DevExpress.Snap.v19.2.xml = ..\Libs\DevExpress Toolkit\DevExpress.Snap.v19.2.xml
		..\Libs\DevExpress Toolkit\DevExpress.Sparkline.v19.2.Core.dll = ..\Libs\DevExpress Toolkit\DevExpress.Sparkline.v19.2.Core.dll
		..\Libs\DevExpress Toolkit\DevExpress.Sparkline.v19.2.Core.xml = ..\Libs\DevExpress Toolkit\DevExpress.Sparkline.v19.2.Core.xml
		..\Libs\DevExpress Toolkit\DevExpress.SpellChecker.v19.2.Core.dll = ..\Libs\DevExpress Toolkit\DevExpress.SpellChecker.v19.2.Core.dll
		..\Libs\DevExpress Toolkit\DevExpress.SpellChecker.v19.2.Core.xml = ..\Libs\DevExpress Toolkit\DevExpress.SpellChecker.v19.2.Core.xml
		..\Libs\DevExpress Toolkit\DevExpress.Spreadsheet.v19.2.Core.dll = ..\Libs\DevExpress Toolkit\DevExpress.Spreadsheet.v19.2.Core.dll
		..\Libs\DevExpress Toolkit\DevExpress.Spreadsheet.v19.2.Core.xml = ..\Libs\DevExpress Toolkit\DevExpress.Spreadsheet.v19.2.Core.xml
		..\Libs\DevExpress Toolkit\DevExpress.TreeMap.v19.2.Core.dll = ..\Libs\DevExpress Toolkit\DevExpress.TreeMap.v19.2.Core.dll
		..\Libs\DevExpress Toolkit\DevExpress.TreeMap.v19.2.Core.xml = ..\Libs\DevExpress Toolkit\DevExpress.TreeMap.v19.2.Core.xml
		..\Libs\DevExpress Toolkit\DevExpress.Tutorials.v19.2.dll = ..\Libs\DevExpress Toolkit\DevExpress.Tutorials.v19.2.dll
		..\Libs\DevExpress Toolkit\DevExpress.Utils.v19.2.dll = ..\Libs\DevExpress Toolkit\DevExpress.Utils.v19.2.dll
		..\Libs\DevExpress Toolkit\DevExpress.Utils.v19.2.UI.dll = ..\Libs\DevExpress Toolkit\DevExpress.Utils.v19.2.UI.dll
		..\Libs\DevExpress Toolkit\DevExpress.Utils.v19.2.UI.xml = ..\Libs\DevExpress Toolkit\DevExpress.Utils.v19.2.UI.xml
		..\Libs\DevExpress Toolkit\DevExpress.Utils.v19.2.xml = ..\Libs\DevExpress Toolkit\DevExpress.Utils.v19.2.xml
		..\Libs\DevExpress Toolkit\DevExpress.Web.ASPxDiagram.v19.2.dll = ..\Libs\DevExpress Toolkit\DevExpress.Web.ASPxDiagram.v19.2.dll
		..\Libs\DevExpress Toolkit\DevExpress.Web.ASPxDiagram.v19.2.xml = ..\Libs\DevExpress Toolkit\DevExpress.Web.ASPxDiagram.v19.2.xml
		..\Libs\DevExpress Toolkit\DevExpress.Web.ASPxGantt.v19.2.dll = ..\Libs\DevExpress Toolkit\DevExpress.Web.ASPxGantt.v19.2.dll
		..\Libs\DevExpress Toolkit\DevExpress.Web.ASPxGantt.v19.2.xml = ..\Libs\DevExpress Toolkit\DevExpress.Web.ASPxGantt.v19.2.xml
		..\Libs\DevExpress Toolkit\DevExpress.Web.ASPxGauges.v19.2.dll = ..\Libs\DevExpress Toolkit\DevExpress.Web.ASPxGauges.v19.2.dll
		..\Libs\DevExpress Toolkit\DevExpress.Web.ASPxGauges.v19.2.xml = ..\Libs\DevExpress Toolkit\DevExpress.Web.ASPxGauges.v19.2.xml
		..\Libs\DevExpress Toolkit\DevExpress.Web.ASPxHtmlEditor.v19.2.dll = ..\Libs\DevExpress Toolkit\DevExpress.Web.ASPxHtmlEditor.v19.2.dll
		..\Libs\DevExpress Toolkit\DevExpress.Web.ASPxHtmlEditor.v19.2.xml = ..\Libs\DevExpress Toolkit\DevExpress.Web.ASPxHtmlEditor.v19.2.xml
		..\Libs\DevExpress Toolkit\DevExpress.Web.ASPxPivotGrid.v19.2.dll = ..\Libs\DevExpress Toolkit\DevExpress.Web.ASPxPivotGrid.v19.2.dll
		..\Libs\DevExpress Toolkit\DevExpress.Web.ASPxPivotGrid.v19.2.xml = ..\Libs\DevExpress Toolkit\DevExpress.Web.ASPxPivotGrid.v19.2.xml
		..\Libs\DevExpress Toolkit\DevExpress.Web.ASPxRichEdit.v19.2.dll = ..\Libs\DevExpress Toolkit\DevExpress.Web.ASPxRichEdit.v19.2.dll
		..\Libs\DevExpress Toolkit\DevExpress.Web.ASPxRichEdit.v19.2.xml = ..\Libs\DevExpress Toolkit\DevExpress.Web.ASPxRichEdit.v19.2.xml
		..\Libs\DevExpress Toolkit\DevExpress.Web.ASPxScheduler.v19.2.dll = ..\Libs\DevExpress Toolkit\DevExpress.Web.ASPxScheduler.v19.2.dll
		..\Libs\DevExpress Toolkit\DevExpress.Web.ASPxScheduler.v19.2.xml = ..\Libs\DevExpress Toolkit\DevExpress.Web.ASPxScheduler.v19.2.xml
		..\Libs\DevExpress Toolkit\DevExpress.Web.ASPxSpellChecker.v19.2.dll = ..\Libs\DevExpress Toolkit\DevExpress.Web.ASPxSpellChecker.v19.2.dll
		..\Libs\DevExpress Toolkit\DevExpress.Web.ASPxSpellChecker.v19.2.xml = ..\Libs\DevExpress Toolkit\DevExpress.Web.ASPxSpellChecker.v19.2.xml
		..\Libs\DevExpress Toolkit\DevExpress.Web.ASPxSpreadsheet.v19.2.dll = ..\Libs\DevExpress Toolkit\DevExpress.Web.ASPxSpreadsheet.v19.2.dll
		..\Libs\DevExpress Toolkit\DevExpress.Web.ASPxSpreadsheet.v19.2.xml = ..\Libs\DevExpress Toolkit\DevExpress.Web.ASPxSpreadsheet.v19.2.xml
		..\Libs\DevExpress Toolkit\DevExpress.Web.ASPxThemes.v19.2.dll = ..\Libs\DevExpress Toolkit\DevExpress.Web.ASPxThemes.v19.2.dll
		..\Libs\DevExpress Toolkit\DevExpress.Web.ASPxTreeList.v19.2.dll = ..\Libs\DevExpress Toolkit\DevExpress.Web.ASPxTreeList.v19.2.dll
		..\Libs\DevExpress Toolkit\DevExpress.Web.ASPxTreeList.v19.2.xml = ..\Libs\DevExpress Toolkit\DevExpress.Web.ASPxTreeList.v19.2.xml
		..\Libs\DevExpress Toolkit\DevExpress.Web.Bootstrap.v19.2.dll = ..\Libs\DevExpress Toolkit\DevExpress.Web.Bootstrap.v19.2.dll
		..\Libs\DevExpress Toolkit\DevExpress.Web.Bootstrap.v19.2.xml = ..\Libs\DevExpress Toolkit\DevExpress.Web.Bootstrap.v19.2.xml
		..\Libs\DevExpress Toolkit\DevExpress.Web.DemoTheme.v19.2.dll = ..\Libs\DevExpress Toolkit\DevExpress.Web.DemoTheme.v19.2.dll
		..\Libs\DevExpress Toolkit\DevExpress.Web.Mvc.v19.2.dll = ..\Libs\DevExpress Toolkit\DevExpress.Web.Mvc.v19.2.dll
		..\Libs\DevExpress Toolkit\DevExpress.Web.Mvc.v19.2.xml = ..\Libs\DevExpress Toolkit\DevExpress.Web.Mvc.v19.2.xml
		..\Libs\DevExpress Toolkit\DevExpress.Web.Mvc5.v19.2.dll = ..\Libs\DevExpress Toolkit\DevExpress.Web.Mvc5.v19.2.dll
		..\Libs\DevExpress Toolkit\DevExpress.Web.Mvc5.v19.2.xml = ..\Libs\DevExpress Toolkit\DevExpress.Web.Mvc5.v19.2.xml
		..\Libs\DevExpress Toolkit\DevExpress.Web.Resources.v19.2.dll = ..\Libs\DevExpress Toolkit\DevExpress.Web.Resources.v19.2.dll
		..\Libs\DevExpress Toolkit\DevExpress.Web.v19.2.dll = ..\Libs\DevExpress Toolkit\DevExpress.Web.v19.2.dll
		..\Libs\DevExpress Toolkit\DevExpress.Web.v19.2.xml = ..\Libs\DevExpress Toolkit\DevExpress.Web.v19.2.xml
		..\Libs\DevExpress Toolkit\DevExpress.Workflow.Activities.v19.2.Design.dll = ..\Libs\DevExpress Toolkit\DevExpress.Workflow.Activities.v19.2.Design.dll
		..\Libs\DevExpress Toolkit\DevExpress.Workflow.Activities.v19.2.dll = ..\Libs\DevExpress Toolkit\DevExpress.Workflow.Activities.v19.2.dll
		..\Libs\DevExpress Toolkit\DevExpress.Xpf.Accordion.v19.2.dll = ..\Libs\DevExpress Toolkit\DevExpress.Xpf.Accordion.v19.2.dll
		..\Libs\DevExpress Toolkit\DevExpress.Xpf.Accordion.v19.2.xml = ..\Libs\DevExpress Toolkit\DevExpress.Xpf.Accordion.v19.2.xml
		..\Libs\DevExpress Toolkit\DevExpress.Xpf.Carousel.v19.2.dll = ..\Libs\DevExpress Toolkit\DevExpress.Xpf.Carousel.v19.2.dll
		..\Libs\DevExpress Toolkit\DevExpress.Xpf.Carousel.v19.2.xml = ..\Libs\DevExpress Toolkit\DevExpress.Xpf.Carousel.v19.2.xml
		..\Libs\DevExpress Toolkit\DevExpress.Xpf.Charts.v19.2.dll = ..\Libs\DevExpress Toolkit\DevExpress.Xpf.Charts.v19.2.dll
		..\Libs\DevExpress Toolkit\DevExpress.Xpf.Charts.v19.2.xml = ..\Libs\DevExpress Toolkit\DevExpress.Xpf.Charts.v19.2.xml
		..\Libs\DevExpress Toolkit\DevExpress.Xpf.CodeView.v19.2.dll = ..\Libs\DevExpress Toolkit\DevExpress.Xpf.CodeView.v19.2.dll
		..\Libs\DevExpress Toolkit\DevExpress.Xpf.Controls.v19.2.dll = ..\Libs\DevExpress Toolkit\DevExpress.Xpf.Controls.v19.2.dll
		..\Libs\DevExpress Toolkit\DevExpress.Xpf.Controls.v19.2.xml = ..\Libs\DevExpress Toolkit\DevExpress.Xpf.Controls.v19.2.xml
		..\Libs\DevExpress Toolkit\DevExpress.Xpf.Core.v19.2.dll = ..\Libs\DevExpress Toolkit\DevExpress.Xpf.Core.v19.2.dll
		..\Libs\DevExpress Toolkit\DevExpress.Xpf.Core.v19.2.Extensions.dll = ..\Libs\DevExpress Toolkit\DevExpress.Xpf.Core.v19.2.Extensions.dll
		..\Libs\DevExpress Toolkit\DevExpress.Xpf.Core.v19.2.xml = ..\Libs\DevExpress Toolkit\DevExpress.Xpf.Core.v19.2.xml
		..\Libs\DevExpress Toolkit\DevExpress.Xpf.Dashboard.v19.2.dll = ..\Libs\DevExpress Toolkit\DevExpress.Xpf.Dashboard.v19.2.dll
		..\Libs\DevExpress Toolkit\DevExpress.Xpf.Dashboard.v19.2.xml = ..\Libs\DevExpress Toolkit\DevExpress.Xpf.Dashboard.v19.2.xml
		..\Libs\DevExpress Toolkit\DevExpress.Xpf.DataAccess.v19.2.dll = ..\Libs\DevExpress Toolkit\DevExpress.Xpf.DataAccess.v19.2.dll
		..\Libs\DevExpress Toolkit\DevExpress.Xpf.DataAccess.v19.2.xml = ..\Libs\DevExpress Toolkit\DevExpress.Xpf.DataAccess.v19.2.xml
		..\Libs\DevExpress Toolkit\DevExpress.Xpf.DemoBase.v19.2.dll = ..\Libs\DevExpress Toolkit\DevExpress.Xpf.DemoBase.v19.2.dll
		..\Libs\DevExpress Toolkit\DevExpress.Xpf.Diagram.v19.2.dll = ..\Libs\DevExpress Toolkit\DevExpress.Xpf.Diagram.v19.2.dll
		..\Libs\DevExpress Toolkit\DevExpress.Xpf.Diagram.v19.2.xml = ..\Libs\DevExpress Toolkit\DevExpress.Xpf.Diagram.v19.2.xml
		..\Libs\DevExpress Toolkit\DevExpress.Xpf.Dialogs.v19.2.dll = ..\Libs\DevExpress Toolkit\DevExpress.Xpf.Dialogs.v19.2.dll
		..\Libs\DevExpress Toolkit\DevExpress.Xpf.Dialogs.v19.2.xml = ..\Libs\DevExpress Toolkit\DevExpress.Xpf.Dialogs.v19.2.xml
		..\Libs\DevExpress Toolkit\DevExpress.Xpf.Docking.v19.2.dll = ..\Libs\DevExpress Toolkit\DevExpress.Xpf.Docking.v19.2.dll
		..\Libs\DevExpress Toolkit\DevExpress.Xpf.Docking.v19.2.xml = ..\Libs\DevExpress Toolkit\DevExpress.Xpf.Docking.v19.2.xml
		..\Libs\DevExpress Toolkit\DevExpress.Xpf.DocumentViewer.v19.2.Core.dll = ..\Libs\DevExpress Toolkit\DevExpress.Xpf.DocumentViewer.v19.2.Core.dll
		..\Libs\DevExpress Toolkit\DevExpress.Xpf.DocumentViewer.v19.2.Core.xml = ..\Libs\DevExpress Toolkit\DevExpress.Xpf.DocumentViewer.v19.2.Core.xml
		..\Libs\DevExpress Toolkit\DevExpress.Xpf.ExpressionEditor.v19.2.dll = ..\Libs\DevExpress Toolkit\DevExpress.Xpf.ExpressionEditor.v19.2.dll
		..\Libs\DevExpress Toolkit\DevExpress.Xpf.ExpressionEditor.v19.2.xml = ..\Libs\DevExpress Toolkit\DevExpress.Xpf.ExpressionEditor.v19.2.xml
		..\Libs\DevExpress Toolkit\DevExpress.Xpf.Gantt.v19.2.dll = ..\Libs\DevExpress Toolkit\DevExpress.Xpf.Gantt.v19.2.dll
		..\Libs\DevExpress Toolkit\DevExpress.Xpf.Gantt.v19.2.xml = ..\Libs\DevExpress Toolkit\DevExpress.Xpf.Gantt.v19.2.xml
		..\Libs\DevExpress Toolkit\DevExpress.Xpf.Gauges.v19.2.dll = ..\Libs\DevExpress Toolkit\DevExpress.Xpf.Gauges.v19.2.dll
		..\Libs\DevExpress Toolkit\DevExpress.Xpf.Gauges.v19.2.xml = ..\Libs\DevExpress Toolkit\DevExpress.Xpf.Gauges.v19.2.xml
		..\Libs\DevExpress Toolkit\DevExpress.Xpf.Grid.v19.2.Core.dll = ..\Libs\DevExpress Toolkit\DevExpress.Xpf.Grid.v19.2.Core.dll
		..\Libs\DevExpress Toolkit\DevExpress.Xpf.Grid.v19.2.Core.xml = ..\Libs\DevExpress Toolkit\DevExpress.Xpf.Grid.v19.2.Core.xml
		..\Libs\DevExpress Toolkit\DevExpress.Xpf.Grid.v19.2.dll = ..\Libs\DevExpress Toolkit\DevExpress.Xpf.Grid.v19.2.dll
		..\Libs\DevExpress Toolkit\DevExpress.Xpf.Grid.v19.2.Extensions.dll = ..\Libs\DevExpress Toolkit\DevExpress.Xpf.Grid.v19.2.Extensions.dll
		..\Libs\DevExpress Toolkit\DevExpress.Xpf.Grid.v19.2.xml = ..\Libs\DevExpress Toolkit\DevExpress.Xpf.Grid.v19.2.xml
		..\Libs\DevExpress Toolkit\DevExpress.Xpf.Layout.v19.2.Core.dll = ..\Libs\DevExpress Toolkit\DevExpress.Xpf.Layout.v19.2.Core.dll
		..\Libs\DevExpress Toolkit\DevExpress.Xpf.Layout.v19.2.Core.xml = ..\Libs\DevExpress Toolkit\DevExpress.Xpf.Layout.v19.2.Core.xml
		..\Libs\DevExpress Toolkit\DevExpress.Xpf.LayoutControl.v19.2.dll = ..\Libs\DevExpress Toolkit\DevExpress.Xpf.LayoutControl.v19.2.dll
		..\Libs\DevExpress Toolkit\DevExpress.Xpf.LayoutControl.v19.2.xml = ..\Libs\DevExpress Toolkit\DevExpress.Xpf.LayoutControl.v19.2.xml
		..\Libs\DevExpress Toolkit\DevExpress.Xpf.Map.v19.2.dll = ..\Libs\DevExpress Toolkit\DevExpress.Xpf.Map.v19.2.dll
		..\Libs\DevExpress Toolkit\DevExpress.Xpf.Map.v19.2.xml = ..\Libs\DevExpress Toolkit\DevExpress.Xpf.Map.v19.2.xml
		..\Libs\DevExpress Toolkit\DevExpress.Xpf.NavBar.v19.2.dll = ..\Libs\DevExpress Toolkit\DevExpress.Xpf.NavBar.v19.2.dll
		..\Libs\DevExpress Toolkit\DevExpress.Xpf.NavBar.v19.2.xml = ..\Libs\DevExpress Toolkit\DevExpress.Xpf.NavBar.v19.2.xml
		..\Libs\DevExpress Toolkit\DevExpress.Xpf.PdfViewer.v19.2.dll = ..\Libs\DevExpress Toolkit\DevExpress.Xpf.PdfViewer.v19.2.dll
		..\Libs\DevExpress Toolkit\DevExpress.Xpf.PdfViewer.v19.2.xml = ..\Libs\DevExpress Toolkit\DevExpress.Xpf.PdfViewer.v19.2.xml
		..\Libs\DevExpress Toolkit\DevExpress.Xpf.PivotGrid.v19.2.dll = ..\Libs\DevExpress Toolkit\DevExpress.Xpf.PivotGrid.v19.2.dll
		..\Libs\DevExpress Toolkit\DevExpress.Xpf.PivotGrid.v19.2.xml = ..\Libs\DevExpress Toolkit\DevExpress.Xpf.PivotGrid.v19.2.xml
		..\Libs\DevExpress Toolkit\DevExpress.Xpf.Printing.v19.2.dll = ..\Libs\DevExpress Toolkit\DevExpress.Xpf.Printing.v19.2.dll
		..\Libs\DevExpress Toolkit\DevExpress.Xpf.Printing.v19.2.xml = ..\Libs\DevExpress Toolkit\DevExpress.Xpf.Printing.v19.2.xml
		..\Libs\DevExpress Toolkit\DevExpress.Xpf.PrismAdapters.v19.2.dll = ..\Libs\DevExpress Toolkit\DevExpress.Xpf.PrismAdapters.v19.2.dll
		..\Libs\DevExpress Toolkit\DevExpress.Xpf.PrismAdapters.v19.2.xml = ..\Libs\DevExpress Toolkit\DevExpress.Xpf.PrismAdapters.v19.2.xml
		..\Libs\DevExpress Toolkit\DevExpress.Xpf.PropertyGrid.v19.2.dll = ..\Libs\DevExpress Toolkit\DevExpress.Xpf.PropertyGrid.v19.2.dll
		..\Libs\DevExpress Toolkit\DevExpress.Xpf.PropertyGrid.v19.2.xml = ..\Libs\DevExpress Toolkit\DevExpress.Xpf.PropertyGrid.v19.2.xml
		..\Libs\DevExpress Toolkit\DevExpress.Xpf.ReportDesigner.v19.2.dll = ..\Libs\DevExpress Toolkit\DevExpress.Xpf.ReportDesigner.v19.2.dll
		..\Libs\DevExpress Toolkit\DevExpress.Xpf.ReportDesigner.v19.2.xml = ..\Libs\DevExpress Toolkit\DevExpress.Xpf.ReportDesigner.v19.2.xml
		..\Libs\DevExpress Toolkit\DevExpress.Xpf.Ribbon.v19.2.dll = ..\Libs\DevExpress Toolkit\DevExpress.Xpf.Ribbon.v19.2.dll
		..\Libs\DevExpress Toolkit\DevExpress.Xpf.Ribbon.v19.2.xml = ..\Libs\DevExpress Toolkit\DevExpress.Xpf.Ribbon.v19.2.xml
		..\Libs\DevExpress Toolkit\DevExpress.Xpf.RichEdit.v19.2.dll = ..\Libs\DevExpress Toolkit\DevExpress.Xpf.RichEdit.v19.2.dll
		..\Libs\DevExpress Toolkit\DevExpress.Xpf.RichEdit.v19.2.xml = ..\Libs\DevExpress Toolkit\DevExpress.Xpf.RichEdit.v19.2.xml
		..\Libs\DevExpress Toolkit\DevExpress.Xpf.Scheduler.v19.2.dll = ..\Libs\DevExpress Toolkit\DevExpress.Xpf.Scheduler.v19.2.dll
		..\Libs\DevExpress Toolkit\DevExpress.Xpf.Scheduler.v19.2.xml = ..\Libs\DevExpress Toolkit\DevExpress.Xpf.Scheduler.v19.2.xml
		..\Libs\DevExpress Toolkit\DevExpress.Xpf.Scheduling.v19.2.dll = ..\Libs\DevExpress Toolkit\DevExpress.Xpf.Scheduling.v19.2.dll
		..\Libs\DevExpress Toolkit\DevExpress.Xpf.Scheduling.v19.2.xml = ..\Libs\DevExpress Toolkit\DevExpress.Xpf.Scheduling.v19.2.xml
		..\Libs\DevExpress Toolkit\DevExpress.Xpf.SpellChecker.v19.2.Design.dll = ..\Libs\DevExpress Toolkit\DevExpress.Xpf.SpellChecker.v19.2.Design.dll
		..\Libs\DevExpress Toolkit\DevExpress.Xpf.SpellChecker.v19.2.dll = ..\Libs\DevExpress Toolkit\DevExpress.Xpf.SpellChecker.v19.2.dll
		..\Libs\DevExpress Toolkit\DevExpress.Xpf.SpellChecker.v19.2.xml = ..\Libs\DevExpress Toolkit\DevExpress.Xpf.SpellChecker.v19.2.xml
		..\Libs\DevExpress Toolkit\DevExpress.Xpf.Spreadsheet.v19.2.dll = ..\Libs\DevExpress Toolkit\DevExpress.Xpf.Spreadsheet.v19.2.dll
		..\Libs\DevExpress Toolkit\DevExpress.Xpf.Spreadsheet.v19.2.xml = ..\Libs\DevExpress Toolkit\DevExpress.Xpf.Spreadsheet.v19.2.xml
		..\Libs\DevExpress Toolkit\DevExpress.Xpf.Themes.DXStyle.v19.2.dll = ..\Libs\DevExpress Toolkit\DevExpress.Xpf.Themes.DXStyle.v19.2.dll
		..\Libs\DevExpress Toolkit\DevExpress.Xpf.Themes.HybridApp.v19.2.dll = ..\Libs\DevExpress Toolkit\DevExpress.Xpf.Themes.HybridApp.v19.2.dll
		..\Libs\DevExpress Toolkit\DevExpress.Xpf.Themes.LightGray.v19.2.dll = ..\Libs\DevExpress Toolkit\DevExpress.Xpf.Themes.LightGray.v19.2.dll
		..\Libs\DevExpress Toolkit\DevExpress.Xpf.Themes.MetropolisDark.v19.2.dll = ..\Libs\DevExpress Toolkit\DevExpress.Xpf.Themes.MetropolisDark.v19.2.dll
		..\Libs\DevExpress Toolkit\DevExpress.Xpf.Themes.MetropolisLight.v19.2.dll = ..\Libs\DevExpress Toolkit\DevExpress.Xpf.Themes.MetropolisLight.v19.2.dll
		..\Libs\DevExpress Toolkit\DevExpress.Xpf.Themes.Office2007Black.v19.2.dll = ..\Libs\DevExpress Toolkit\DevExpress.Xpf.Themes.Office2007Black.v19.2.dll
		..\Libs\DevExpress Toolkit\DevExpress.Xpf.Themes.Office2007Blue.v19.2.dll = ..\Libs\DevExpress Toolkit\DevExpress.Xpf.Themes.Office2007Blue.v19.2.dll
		..\Libs\DevExpress Toolkit\DevExpress.Xpf.Themes.Office2007Silver.v19.2.dll = ..\Libs\DevExpress Toolkit\DevExpress.Xpf.Themes.Office2007Silver.v19.2.dll
		..\Libs\DevExpress Toolkit\DevExpress.Xpf.Themes.Office2010Black.v19.2.dll = ..\Libs\DevExpress Toolkit\DevExpress.Xpf.Themes.Office2010Black.v19.2.dll
		..\Libs\DevExpress Toolkit\DevExpress.Xpf.Themes.Office2010Blue.v19.2.dll = ..\Libs\DevExpress Toolkit\DevExpress.Xpf.Themes.Office2010Blue.v19.2.dll
		..\Libs\DevExpress Toolkit\DevExpress.Xpf.Themes.Office2010Silver.v19.2.dll = ..\Libs\DevExpress Toolkit\DevExpress.Xpf.Themes.Office2010Silver.v19.2.dll
		..\Libs\DevExpress Toolkit\DevExpress.Xpf.Themes.Office2013.v19.2.dll = ..\Libs\DevExpress Toolkit\DevExpress.Xpf.Themes.Office2013.v19.2.dll
		..\Libs\DevExpress Toolkit\DevExpress.Xpf.Themes.Office2013DarkGray.v19.2.dll = ..\Libs\DevExpress Toolkit\DevExpress.Xpf.Themes.Office2013DarkGray.v19.2.dll
		..\Libs\DevExpress Toolkit\DevExpress.Xpf.Themes.Office2013LightGray.v19.2.dll = ..\Libs\DevExpress Toolkit\DevExpress.Xpf.Themes.Office2013LightGray.v19.2.dll
		..\Libs\DevExpress Toolkit\DevExpress.Xpf.Themes.Office2016Black.v19.2.dll = ..\Libs\DevExpress Toolkit\DevExpress.Xpf.Themes.Office2016Black.v19.2.dll
		..\Libs\DevExpress Toolkit\DevExpress.Xpf.Themes.Office2016BlackSE.v19.2.dll = ..\Libs\DevExpress Toolkit\DevExpress.Xpf.Themes.Office2016BlackSE.v19.2.dll
		..\Libs\DevExpress Toolkit\DevExpress.Xpf.Themes.Office2016Colorful.v19.2.dll = ..\Libs\DevExpress Toolkit\DevExpress.Xpf.Themes.Office2016Colorful.v19.2.dll
		..\Libs\DevExpress Toolkit\DevExpress.Xpf.Themes.Office2016ColorfulSE.v19.2.dll = ..\Libs\DevExpress Toolkit\DevExpress.Xpf.Themes.Office2016ColorfulSE.v19.2.dll
		..\Libs\DevExpress Toolkit\DevExpress.Xpf.Themes.Office2016DarkGraySE.v19.2.dll = ..\Libs\DevExpress Toolkit\DevExpress.Xpf.Themes.Office2016DarkGraySE.v19.2.dll
		..\Libs\DevExpress Toolkit\DevExpress.Xpf.Themes.Office2016White.v19.2.dll = ..\Libs\DevExpress Toolkit\DevExpress.Xpf.Themes.Office2016White.v19.2.dll
		..\Libs\DevExpress Toolkit\DevExpress.Xpf.Themes.Office2016WhiteSE.v19.2.dll = ..\Libs\DevExpress Toolkit\DevExpress.Xpf.Themes.Office2016WhiteSE.v19.2.dll
		..\Libs\DevExpress Toolkit\DevExpress.Xpf.Themes.Office2019Black.v19.2.dll = ..\Libs\DevExpress Toolkit\DevExpress.Xpf.Themes.Office2019Black.v19.2.dll
		..\Libs\DevExpress Toolkit\DevExpress.Xpf.Themes.Office2019Colorful.v19.2.dll = ..\Libs\DevExpress Toolkit\DevExpress.Xpf.Themes.Office2019Colorful.v19.2.dll
		..\Libs\DevExpress Toolkit\DevExpress.Xpf.Themes.Office2019DarkGray.v19.2.dll = ..\Libs\DevExpress Toolkit\DevExpress.Xpf.Themes.Office2019DarkGray.v19.2.dll
		..\Libs\DevExpress Toolkit\DevExpress.Xpf.Themes.Office2019HighContrast.v19.2.dll = ..\Libs\DevExpress Toolkit\DevExpress.Xpf.Themes.Office2019HighContrast.v19.2.dll
		..\Libs\DevExpress Toolkit\DevExpress.Xpf.Themes.Office2019White.v19.2.dll = ..\Libs\DevExpress Toolkit\DevExpress.Xpf.Themes.Office2019White.v19.2.dll
		..\Libs\DevExpress Toolkit\DevExpress.Xpf.Themes.Seven.v19.2.dll = ..\Libs\DevExpress Toolkit\DevExpress.Xpf.Themes.Seven.v19.2.dll
		..\Libs\DevExpress Toolkit\DevExpress.Xpf.Themes.TouchlineDark.v19.2.dll = ..\Libs\DevExpress Toolkit\DevExpress.Xpf.Themes.TouchlineDark.v19.2.dll
		..\Libs\DevExpress Toolkit\DevExpress.Xpf.Themes.VS2010.v19.2.dll = ..\Libs\DevExpress Toolkit\DevExpress.Xpf.Themes.VS2010.v19.2.dll
		..\Libs\DevExpress Toolkit\DevExpress.Xpf.Themes.VS2017Blue.v19.2.dll = ..\Libs\DevExpress Toolkit\DevExpress.Xpf.Themes.VS2017Blue.v19.2.dll
		..\Libs\DevExpress Toolkit\DevExpress.Xpf.Themes.VS2017Dark.v19.2.dll = ..\Libs\DevExpress Toolkit\DevExpress.Xpf.Themes.VS2017Dark.v19.2.dll
		..\Libs\DevExpress Toolkit\DevExpress.Xpf.Themes.VS2017Light.v19.2.dll = ..\Libs\DevExpress Toolkit\DevExpress.Xpf.Themes.VS2017Light.v19.2.dll
		..\Libs\DevExpress Toolkit\DevExpress.Xpf.TreeMap.v19.2.dll = ..\Libs\DevExpress Toolkit\DevExpress.Xpf.TreeMap.v19.2.dll
		..\Libs\DevExpress Toolkit\DevExpress.Xpf.TreeMap.v19.2.xml = ..\Libs\DevExpress Toolkit\DevExpress.Xpf.TreeMap.v19.2.xml
		..\Libs\DevExpress Toolkit\DevExpress.Xpf.TypedStyles.v19.2.dll = ..\Libs\DevExpress Toolkit\DevExpress.Xpf.TypedStyles.v19.2.dll
		..\Libs\DevExpress Toolkit\DevExpress.Xpo.v19.2.dll = ..\Libs\DevExpress Toolkit\DevExpress.Xpo.v19.2.dll
		..\Libs\DevExpress Toolkit\DevExpress.Xpo.v19.2.Extensions.dll = ..\Libs\DevExpress Toolkit\DevExpress.Xpo.v19.2.Extensions.dll
		..\Libs\DevExpress Toolkit\DevExpress.Xpo.v19.2.Extensions.xml = ..\Libs\DevExpress Toolkit\DevExpress.Xpo.v19.2.Extensions.xml
		..\Libs\DevExpress Toolkit\DevExpress.Xpo.v19.2.xml = ..\Libs\DevExpress Toolkit\DevExpress.Xpo.v19.2.xml
		..\Libs\DevExpress Toolkit\DevExpress.XtraBars.v19.2.dll = ..\Libs\DevExpress Toolkit\DevExpress.XtraBars.v19.2.dll
		..\Libs\DevExpress Toolkit\DevExpress.XtraBars.v19.2.xml = ..\Libs\DevExpress Toolkit\DevExpress.XtraBars.v19.2.xml
		..\Libs\DevExpress Toolkit\DevExpress.XtraCharts.v19.2.dll = ..\Libs\DevExpress Toolkit\DevExpress.XtraCharts.v19.2.dll
		..\Libs\DevExpress Toolkit\DevExpress.XtraCharts.v19.2.Extensions.dll = ..\Libs\DevExpress Toolkit\DevExpress.XtraCharts.v19.2.Extensions.dll
		..\Libs\DevExpress Toolkit\DevExpress.XtraCharts.v19.2.UI.dll = ..\Libs\DevExpress Toolkit\DevExpress.XtraCharts.v19.2.UI.dll
		..\Libs\DevExpress Toolkit\DevExpress.XtraCharts.v19.2.UI.xml = ..\Libs\DevExpress Toolkit\DevExpress.XtraCharts.v19.2.UI.xml
		..\Libs\DevExpress Toolkit\DevExpress.XtraCharts.v19.2.Web.dll = ..\Libs\DevExpress Toolkit\DevExpress.XtraCharts.v19.2.Web.dll
		..\Libs\DevExpress Toolkit\DevExpress.XtraCharts.v19.2.Web.xml = ..\Libs\DevExpress Toolkit\DevExpress.XtraCharts.v19.2.Web.xml
		..\Libs\DevExpress Toolkit\DevExpress.XtraCharts.v19.2.Wizard.dll = ..\Libs\DevExpress Toolkit\DevExpress.XtraCharts.v19.2.Wizard.dll
		..\Libs\DevExpress Toolkit\DevExpress.XtraCharts.v19.2.Wizard.xml = ..\Libs\DevExpress Toolkit\DevExpress.XtraCharts.v19.2.Wizard.xml
		..\Libs\DevExpress Toolkit\DevExpress.XtraCharts.v19.2.xml = ..\Libs\DevExpress Toolkit\DevExpress.XtraCharts.v19.2.xml
		..\Libs\DevExpress Toolkit\DevExpress.XtraDiagram.v19.2.dll = ..\Libs\DevExpress Toolkit\DevExpress.XtraDiagram.v19.2.dll
		..\Libs\DevExpress Toolkit\DevExpress.XtraDiagram.v19.2.xml = ..\Libs\DevExpress Toolkit\DevExpress.XtraDiagram.v19.2.xml
		..\Libs\DevExpress Toolkit\DevExpress.XtraDialogs.v19.2.dll = ..\Libs\DevExpress Toolkit\DevExpress.XtraDialogs.v19.2.dll
		..\Libs\DevExpress Toolkit\DevExpress.XtraDialogs.v19.2.xml = ..\Libs\DevExpress Toolkit\DevExpress.XtraDialogs.v19.2.xml
		..\Libs\DevExpress Toolkit\DevExpress.XtraEditors.v19.2.dll = ..\Libs\DevExpress Toolkit\DevExpress.XtraEditors.v19.2.dll
		..\Libs\DevExpress Toolkit\DevExpress.XtraEditors.v19.2.xml = ..\Libs\DevExpress Toolkit\DevExpress.XtraEditors.v19.2.xml
		..\Libs\DevExpress Toolkit\DevExpress.XtraGantt.v19.2.dll = ..\Libs\DevExpress Toolkit\DevExpress.XtraGantt.v19.2.dll
		..\Libs\DevExpress Toolkit\DevExpress.XtraGantt.v19.2.xml = ..\Libs\DevExpress Toolkit\DevExpress.XtraGantt.v19.2.xml
		..\Libs\DevExpress Toolkit\DevExpress.XtraGauges.v19.2.Core.dll = ..\Libs\DevExpress Toolkit\DevExpress.XtraGauges.v19.2.Core.dll
		..\Libs\DevExpress Toolkit\DevExpress.XtraGauges.v19.2.Core.xml = ..\Libs\DevExpress Toolkit\DevExpress.XtraGauges.v19.2.Core.xml
		..\Libs\DevExpress Toolkit\DevExpress.XtraGauges.v19.2.Presets.dll = ..\Libs\DevExpress Toolkit\DevExpress.XtraGauges.v19.2.Presets.dll
		..\Libs\DevExpress Toolkit\DevExpress.XtraGauges.v19.2.Presets.xml = ..\Libs\DevExpress Toolkit\DevExpress.XtraGauges.v19.2.Presets.xml
		..\Libs\DevExpress Toolkit\DevExpress.XtraGauges.v19.2.Win.dll = ..\Libs\DevExpress Toolkit\DevExpress.XtraGauges.v19.2.Win.dll
		..\Libs\DevExpress Toolkit\DevExpress.XtraGauges.v19.2.Win.xml = ..\Libs\DevExpress Toolkit\DevExpress.XtraGauges.v19.2.Win.xml
		..\Libs\DevExpress Toolkit\DevExpress.XtraGrid.v19.2.dll = ..\Libs\DevExpress Toolkit\DevExpress.XtraGrid.v19.2.dll
		..\Libs\DevExpress Toolkit\DevExpress.XtraGrid.v19.2.xml = ..\Libs\DevExpress Toolkit\DevExpress.XtraGrid.v19.2.xml
		..\Libs\DevExpress Toolkit\DevExpress.XtraLayout.v19.2.dll = ..\Libs\DevExpress Toolkit\DevExpress.XtraLayout.v19.2.dll
		..\Libs\DevExpress Toolkit\DevExpress.XtraLayout.v19.2.xml = ..\Libs\DevExpress Toolkit\DevExpress.XtraLayout.v19.2.xml
		..\Libs\DevExpress Toolkit\DevExpress.XtraMap.v19.2.dll = ..\Libs\DevExpress Toolkit\DevExpress.XtraMap.v19.2.dll
		..\Libs\DevExpress Toolkit\DevExpress.XtraMap.v19.2.xml = ..\Libs\DevExpress Toolkit\DevExpress.XtraMap.v19.2.xml
		..\Libs\DevExpress Toolkit\DevExpress.XtraNavBar.v19.2.dll = ..\Libs\DevExpress Toolkit\DevExpress.XtraNavBar.v19.2.dll
		..\Libs\DevExpress Toolkit\DevExpress.XtraNavBar.v19.2.xml = ..\Libs\DevExpress Toolkit\DevExpress.XtraNavBar.v19.2.xml
		..\Libs\DevExpress Toolkit\DevExpress.XtraPdfViewer.v19.2.dll = ..\Libs\DevExpress Toolkit\DevExpress.XtraPdfViewer.v19.2.dll
		..\Libs\DevExpress Toolkit\DevExpress.XtraPdfViewer.v19.2.xml = ..\Libs\DevExpress Toolkit\DevExpress.XtraPdfViewer.v19.2.xml
		..\Libs\DevExpress Toolkit\DevExpress.XtraPivotGrid.v19.2.dll = ..\Libs\DevExpress Toolkit\DevExpress.XtraPivotGrid.v19.2.dll
		..\Libs\DevExpress Toolkit\DevExpress.XtraPivotGrid.v19.2.xml = ..\Libs\DevExpress Toolkit\DevExpress.XtraPivotGrid.v19.2.xml
		..\Libs\DevExpress Toolkit\DevExpress.XtraPrinting.v19.2.dll = ..\Libs\DevExpress Toolkit\DevExpress.XtraPrinting.v19.2.dll
		..\Libs\DevExpress Toolkit\DevExpress.XtraPrinting.v19.2.xml = ..\Libs\DevExpress Toolkit\DevExpress.XtraPrinting.v19.2.xml
		..\Libs\DevExpress Toolkit\DevExpress.XtraReports.v19.2.CodeCompletion.dll = ..\Libs\DevExpress Toolkit\DevExpress.XtraReports.v19.2.CodeCompletion.dll
		..\Libs\DevExpress Toolkit\DevExpress.XtraReports.v19.2.dll = ..\Libs\DevExpress Toolkit\DevExpress.XtraReports.v19.2.dll
		..\Libs\DevExpress Toolkit\DevExpress.XtraReports.v19.2.Extensions.dll = ..\Libs\DevExpress Toolkit\DevExpress.XtraReports.v19.2.Extensions.dll
		..\Libs\DevExpress Toolkit\DevExpress.XtraReports.v19.2.Extensions.xml = ..\Libs\DevExpress Toolkit\DevExpress.XtraReports.v19.2.Extensions.xml
		..\Libs\DevExpress Toolkit\DevExpress.XtraReports.v19.2.Service.dll = ..\Libs\DevExpress Toolkit\DevExpress.XtraReports.v19.2.Service.dll
		..\Libs\DevExpress Toolkit\DevExpress.XtraReports.v19.2.Service.xml = ..\Libs\DevExpress Toolkit\DevExpress.XtraReports.v19.2.Service.xml
		..\Libs\DevExpress Toolkit\DevExpress.XtraReports.v19.2.Web.Azure.dll = ..\Libs\DevExpress Toolkit\DevExpress.XtraReports.v19.2.Web.Azure.dll
		..\Libs\DevExpress Toolkit\DevExpress.XtraReports.v19.2.Web.Azure.xml = ..\Libs\DevExpress Toolkit\DevExpress.XtraReports.v19.2.Web.Azure.xml
		..\Libs\DevExpress Toolkit\DevExpress.XtraReports.v19.2.Web.dll = ..\Libs\DevExpress Toolkit\DevExpress.XtraReports.v19.2.Web.dll
		..\Libs\DevExpress Toolkit\DevExpress.XtraReports.v19.2.Web.WebForms.dll = ..\Libs\DevExpress Toolkit\DevExpress.XtraReports.v19.2.Web.WebForms.dll
		..\Libs\DevExpress Toolkit\DevExpress.XtraReports.v19.2.Web.WebForms.xml = ..\Libs\DevExpress Toolkit\DevExpress.XtraReports.v19.2.Web.WebForms.xml
		..\Libs\DevExpress Toolkit\DevExpress.XtraReports.v19.2.Web.xml = ..\Libs\DevExpress Toolkit\DevExpress.XtraReports.v19.2.Web.xml
		..\Libs\DevExpress Toolkit\DevExpress.XtraReports.v19.2.xml = ..\Libs\DevExpress Toolkit\DevExpress.XtraReports.v19.2.xml
		..\Libs\DevExpress Toolkit\DevExpress.XtraRichEdit.v19.2.dll = ..\Libs\DevExpress Toolkit\DevExpress.XtraRichEdit.v19.2.dll
		..\Libs\DevExpress Toolkit\DevExpress.XtraRichEdit.v19.2.xml = ..\Libs\DevExpress Toolkit\DevExpress.XtraRichEdit.v19.2.xml
		..\Libs\DevExpress Toolkit\DevExpress.XtraScheduler.v19.2.Core.dll = ..\Libs\DevExpress Toolkit\DevExpress.XtraScheduler.v19.2.Core.dll
		..\Libs\DevExpress Toolkit\DevExpress.XtraScheduler.v19.2.Core.xml = ..\Libs\DevExpress Toolkit\DevExpress.XtraScheduler.v19.2.Core.xml
		..\Libs\DevExpress Toolkit\DevExpress.XtraScheduler.v19.2.dll = ..\Libs\DevExpress Toolkit\DevExpress.XtraScheduler.v19.2.dll
		..\Libs\DevExpress Toolkit\DevExpress.XtraScheduler.v19.2.Extensions.dll = ..\Libs\DevExpress Toolkit\DevExpress.XtraScheduler.v19.2.Extensions.dll
		..\Libs\DevExpress Toolkit\DevExpress.XtraScheduler.v19.2.Extensions.xml = ..\Libs\DevExpress Toolkit\DevExpress.XtraScheduler.v19.2.Extensions.xml
		..\Libs\DevExpress Toolkit\DevExpress.XtraScheduler.v19.2.GoogleCalendar.dll = ..\Libs\DevExpress Toolkit\DevExpress.XtraScheduler.v19.2.GoogleCalendar.dll
		..\Libs\DevExpress Toolkit\DevExpress.XtraScheduler.v19.2.GoogleCalendar.xml = ..\Libs\DevExpress Toolkit\DevExpress.XtraScheduler.v19.2.GoogleCalendar.xml
		..\Libs\DevExpress Toolkit\DevExpress.XtraScheduler.v19.2.Reporting.dll = ..\Libs\DevExpress Toolkit\DevExpress.XtraScheduler.v19.2.Reporting.dll
		..\Libs\DevExpress Toolkit\DevExpress.XtraScheduler.v19.2.Reporting.Extensions.dll = ..\Libs\DevExpress Toolkit\DevExpress.XtraScheduler.v19.2.Reporting.Extensions.dll
		..\Libs\DevExpress Toolkit\DevExpress.XtraScheduler.v19.2.Reporting.Extensions.xml = ..\Libs\DevExpress Toolkit\DevExpress.XtraScheduler.v19.2.Reporting.Extensions.xml
		..\Libs\DevExpress Toolkit\DevExpress.XtraScheduler.v19.2.Reporting.xml = ..\Libs\DevExpress Toolkit\DevExpress.XtraScheduler.v19.2.Reporting.xml
		..\Libs\DevExpress Toolkit\DevExpress.XtraScheduler.v19.2.xml = ..\Libs\DevExpress Toolkit\DevExpress.XtraScheduler.v19.2.xml
		..\Libs\DevExpress Toolkit\DevExpress.XtraSpellChecker.v19.2.dll = ..\Libs\DevExpress Toolkit\DevExpress.XtraSpellChecker.v19.2.dll
		..\Libs\DevExpress Toolkit\DevExpress.XtraSpellChecker.v19.2.xml = ..\Libs\DevExpress Toolkit\DevExpress.XtraSpellChecker.v19.2.xml
		..\Libs\DevExpress Toolkit\DevExpress.XtraSpreadsheet.v19.2.dll = ..\Libs\DevExpress Toolkit\DevExpress.XtraSpreadsheet.v19.2.dll
		..\Libs\DevExpress Toolkit\DevExpress.XtraSpreadsheet.v19.2.xml = ..\Libs\DevExpress Toolkit\DevExpress.XtraSpreadsheet.v19.2.xml
		..\Libs\DevExpress Toolkit\DevExpress.XtraTreeList.v19.2.dll = ..\Libs\DevExpress Toolkit\DevExpress.XtraTreeList.v19.2.dll
		..\Libs\DevExpress Toolkit\DevExpress.XtraTreeList.v19.2.xml = ..\Libs\DevExpress Toolkit\DevExpress.XtraTreeList.v19.2.xml
		..\Libs\DevExpress Toolkit\DevExpress.XtraTreeMap.v19.2.dll = ..\Libs\DevExpress Toolkit\DevExpress.XtraTreeMap.v19.2.dll
		..\Libs\DevExpress Toolkit\DevExpress.XtraTreeMap.v19.2.xml = ..\Libs\DevExpress Toolkit\DevExpress.XtraTreeMap.v19.2.xml
		..\Libs\DevExpress Toolkit\DevExpress.XtraVerticalGrid.v19.2.dll = ..\Libs\DevExpress Toolkit\DevExpress.XtraVerticalGrid.v19.2.dll
		..\Libs\DevExpress Toolkit\DevExpress.XtraVerticalGrid.v19.2.xml = ..\Libs\DevExpress Toolkit\DevExpress.XtraVerticalGrid.v19.2.xml
		..\Libs\DevExpress Toolkit\DevExpress.XtraWizard.v19.2.dll = ..\Libs\DevExpress Toolkit\DevExpress.XtraWizard.v19.2.dll
		..\Libs\DevExpress Toolkit\DevExpress.XtraWizard.v19.2.xml = ..\Libs\DevExpress Toolkit\DevExpress.XtraWizard.v19.2.xml
		..\Libs\DevExpress Toolkit\Web.DemoData.v19.2.dll = ..\Libs\DevExpress Toolkit\Web.DemoData.v19.2.dll
	EndProjectSection
EndProject
Project("{2150E333-8FDC-42A3-9474-1A3956D46DE8}") = "2-Apis", "2-Apis", "{536BDBC3-AC4A-4A59-9E0E-BF1D01ABC474}"
EndProject
Project("{9A19103F-16F7-4668-BE54-9A1E7A4F7556}") = "OopDesigner", "OopDesigner\OopDesigner.csproj", "{99DB06A5-D01E-4318-9801-7A429FD648CA}"
EndProject
Project("{9A19103F-16F7-4668-BE54-9A1E7A4F7556}") = "OopTranslation", "OopTranslation\OopTranslation.csproj", "{4FB7C3E7-A75D-4142-B2A0-ED9423CFAC7D}"
EndProject
Global
	GlobalSection(SolutionConfigurationPlatforms) = preSolution
		Debug|Any CPU = Debug|Any CPU
		Release|Any CPU = Release|Any CPU
	EndGlobalSection
	GlobalSection(ProjectConfigurationPlatforms) = postSolution
		{7422B0B4-014F-42F9-8855-C31573197B94}.Debug|Any CPU.ActiveCfg = Debug|Any CPU
		{7422B0B4-014F-42F9-8855-C31573197B94}.Debug|Any CPU.Build.0 = Debug|Any CPU
		{7422B0B4-014F-42F9-8855-C31573197B94}.Release|Any CPU.ActiveCfg = Release|Any CPU
		{7422B0B4-014F-42F9-8855-C31573197B94}.Release|Any CPU.Build.0 = Release|Any CPU
		{99DB06A5-D01E-4318-9801-7A429FD648CA}.Debug|Any CPU.ActiveCfg = Debug|Any CPU
		{99DB06A5-D01E-4318-9801-7A429FD648CA}.Debug|Any CPU.Build.0 = Debug|Any CPU
		{99DB06A5-D01E-4318-9801-7A429FD648CA}.Release|Any CPU.ActiveCfg = Release|Any CPU
		{99DB06A5-D01E-4318-9801-7A429FD648CA}.Release|Any CPU.Build.0 = Release|Any CPU
		{4FB7C3E7-A75D-4142-B2A0-ED9423CFAC7D}.Debug|Any CPU.ActiveCfg = Debug|Any CPU
		{4FB7C3E7-A75D-4142-B2A0-ED9423CFAC7D}.Debug|Any CPU.Build.0 = Debug|Any CPU
		{4FB7C3E7-A75D-4142-B2A0-ED9423CFAC7D}.Release|Any CPU.ActiveCfg = Release|Any CPU
		{4FB7C3E7-A75D-4142-B2A0-ED9423CFAC7D}.Release|Any CPU.Build.0 = Release|Any CPU
	EndGlobalSection
	GlobalSection(SolutionProperties) = preSolution
		HideSolutionNode = FALSE
	EndGlobalSection
	GlobalSection(NestedProjects) = preSolution
		{47F22305-3761-4EA3-ACEC-87C01AFFCB16} = {1CB33994-FCB6-453C-B9DF-929AFF1B38DE}
		{062F6374-8EAE-4C41-B7EC-7A4E0FFF8068} = {47F22305-3761-4EA3-ACEC-87C01AFFCB16}
		{99DB06A5-D01E-4318-9801-7A429FD648CA} = {536BDBC3-AC4A-4A59-9E0E-BF1D01ABC474}
		{4FB7C3E7-A75D-4142-B2A0-ED9423CFAC7D} = {536BDBC3-AC4A-4A59-9E0E-BF1D01ABC474}
	EndGlobalSection
	GlobalSection(ExtensibilityGlobals) = postSolution
		RESX_AutoCreateNewLanguageFiles = True
		RESX_ConfirmAddLanguageFile = True
		SolutionGuid = {A2D15AA1-5A05-4367-9B20-BE518A2D3AB1}
	EndGlobalSection
EndGlobal
